
Microsoft Visual Studio Solution File, Format Version 12.00
# Visual Studio Version 16
VisualStudioVersion = 16.0.31911.196
MinimumVisualStudioVersion = 10.0.40219.1
Project("{9A19103F-16F7-4668-BE54-9A1E7A4F7556}") = "TimeChecker", "TimeChecker\TimeChecker.csproj", "{3674DDD6-250E-41CC-95F0-63E637DAA605}"
EndProject
Project("{9A19103F-16F7-4668-BE54-9A1E7A4F7556}") = "TimeChecker.DAL", "TimeChecker.DAL\TimeChecker.DAL.csproj", "{9E3D9885-6DF1-4642-96FD-616DC1825ED7}"
EndProject
Project("{FAE04EC0-301F-11D3-BF4B-00C04F79EFBC}") = "TimeCheckerWPF", "TimeCheckerWPF\TimeCheckerWPF.csproj", "{5E8B4E58-A4ED-4991-A0EF-98BD60A4C362}"
	ProjectSection(ProjectDependencies) = postProject
		{3DECAC7A-5396-4C73-B8EA-F50A51623C4D} = {3DECAC7A-5396-4C73-B8EA-F50A51623C4D}
	EndProjectSection
EndProject
Project("{9A19103F-16F7-4668-BE54-9A1E7A4F7556}") = "TimeCheckerBLL.Test", "TimeCheckerBLL.Test\TimeCheckerBLL.Test.csproj", "{3DECAC7A-5396-4C73-B8EA-F50A51623C4D}"
	ProjectSection(ProjectDependencies) = postProject
		{9E3D9885-6DF1-4642-96FD-616DC1825ED7} = {9E3D9885-6DF1-4642-96FD-616DC1825ED7}
	EndProjectSection
EndProject
Project("{9A19103F-16F7-4668-BE54-9A1E7A4F7556}") = "TimeChecker.BLL", "TimeChecker.BLL\TimeChecker.BLL.csproj", "{B4EF259D-7E02-448B-ADC1-461DF6C6655D}"
	ProjectSection(ProjectDependencies) = postProject
		{3DECAC7A-5396-4C73-B8EA-F50A51623C4D} = {3DECAC7A-5396-4C73-B8EA-F50A51623C4D}
		{9E3D9885-6DF1-4642-96FD-616DC1825ED7} = {9E3D9885-6DF1-4642-96FD-616DC1825ED7}
	EndProjectSection
EndProject
Project("{FAE04EC0-301F-11D3-BF4B-00C04F79EFBC}") = "TimeChecker.WPF", "TimeChecker.WPF\TimeChecker.WPF.csproj", "{6EA7F3BA-0401-401D-8465-27BAA73B22A1}"
EndProject
Global
	GlobalSection(SolutionConfigurationPlatforms) = preSolution
		Debug|Any CPU = Debug|Any CPU
		Release|Any CPU = Release|Any CPU
	EndGlobalSection
	GlobalSection(ProjectConfigurationPlatforms) = postSolution
		{3674DDD6-250E-41CC-95F0-63E637DAA605}.Debug|Any CPU.ActiveCfg = Debug|Any CPU
		{3674DDD6-250E-41CC-95F0-63E637DAA605}.Debug|Any CPU.Build.0 = Debug|Any CPU
		{3674DDD6-250E-41CC-95F0-63E637DAA605}.Release|Any CPU.ActiveCfg = Release|Any CPU
		{3674DDD6-250E-41CC-95F0-63E637DAA605}.Release|Any CPU.Build.0 = Release|Any CPU
		{9E3D9885-6DF1-4642-96FD-616DC1825ED7}.Debug|Any CPU.ActiveCfg = Debug|Any CPU
		{9E3D9885-6DF1-4642-96FD-616DC1825ED7}.Debug|Any CPU.Build.0 = Debug|Any CPU
		{9E3D9885-6DF1-4642-96FD-616DC1825ED7}.Release|Any CPU.ActiveCfg = Release|Any CPU
		{9E3D9885-6DF1-4642-96FD-616DC1825ED7}.Release|Any CPU.Build.0 = Release|Any CPU
		{5E8B4E58-A4ED-4991-A0EF-98BD60A4C362}.Debug|Any CPU.ActiveCfg = Debug|Any CPU
		{5E8B4E58-A4ED-4991-A0EF-98BD60A4C362}.Debug|Any CPU.Build.0 = Debug|Any CPU
		{5E8B4E58-A4ED-4991-A0EF-98BD60A4C362}.Release|Any CPU.ActiveCfg = Release|Any CPU
		{5E8B4E58-A4ED-4991-A0EF-98BD60A4C362}.Release|Any CPU.Build.0 = Release|Any CPU
		{3DECAC7A-5396-4C73-B8EA-F50A51623C4D}.Debug|Any CPU.ActiveCfg = Debug|Any CPU
		{3DECAC7A-5396-4C73-B8EA-F50A51623C4D}.Debug|Any CPU.Build.0 = Debug|Any CPU
		{3DECAC7A-5396-4C73-B8EA-F50A51623C4D}.Release|Any CPU.ActiveCfg = Release|Any CPU
		{3DECAC7A-5396-4C73-B8EA-F50A51623C4D}.Release|Any CPU.Build.0 = Release|Any CPU
		{B4EF259D-7E02-448B-ADC1-461DF6C6655D}.Debug|Any CPU.ActiveCfg = Debug|Any CPU
		{B4EF259D-7E02-448B-ADC1-461DF6C6655D}.Debug|Any CPU.Build.0 = Debug|Any CPU
		{B4EF259D-7E02-448B-ADC1-461DF6C6655D}.Release|Any CPU.ActiveCfg = Release|Any CPU
		{B4EF259D-7E02-448B-ADC1-461DF6C6655D}.Release|Any CPU.Build.0 = Release|Any CPU
		{6EA7F3BA-0401-401D-8465-27BAA73B22A1}.Debug|Any CPU.ActiveCfg = Debug|Any CPU
		{6EA7F3BA-0401-401D-8465-27BAA73B22A1}.Debug|Any CPU.Build.0 = Debug|Any CPU
		{6EA7F3BA-0401-401D-8465-27BAA73B22A1}.Release|Any CPU.ActiveCfg = Release|Any CPU
		{6EA7F3BA-0401-401D-8465-27BAA73B22A1}.Release|Any CPU.Build.0 = Release|Any CPU
	EndGlobalSection
	GlobalSection(SolutionProperties) = preSolution
		HideSolutionNode = FALSE
	EndGlobalSection
	GlobalSection(ExtensibilityGlobals) = postSolution
		SolutionGuid = {EB2C67B5-5D64-4FAF-B10A-CCAC9637A17A}
	EndGlobalSection
EndGlobal
