
Microsoft Visual Studio Solution File, Format Version 12.00
# Visual Studio Version 16
VisualStudioVersion = 16.0.31911.196
MinimumVisualStudioVersion = 10.0.40219.1
Project("{9A19103F-16F7-4668-BE54-9A1E7A4F7556}") = "TodoManager.GUI", "TodoManager2\TodoManager.GUI\TodoManager.GUI.csproj", "{41511753-8136-4176-99C9-128787F2EC0A}"
EndProject
Project("{9A19103F-16F7-4668-BE54-9A1E7A4F7556}") = "TodoManager.DAL.Tests", "TodoManager2\TodoManager.DAL.Tests\TodoManager.DAL.Tests.csproj", "{C60D56AB-C2C0-4C96-A247-FE502440672A}"
EndProject
Project("{9A19103F-16F7-4668-BE54-9A1E7A4F7556}") = "TodoManager.DAL", "TodoManager2\TodoManager.DAL\TodoManager.DAL.csproj", "{0401F1B1-C394-47CA-BAF6-7C112CF6ECF8}"
EndProject
Project("{9A19103F-16F7-4668-BE54-9A1E7A4F7556}") = "TodoManager.BL", "TodoManager2\TodoManager.Core\TodoManager.BL.csproj", "{5DEFD208-DDDA-42BB-BDD4-17CFAD793C52}"
EndProject
Project("{9A19103F-16F7-4668-BE54-9A1E7A4F7556}") = "TodoManager", "TodoManager2\TodoManager\TodoManager.csproj", "{EDB2F11D-F918-438D-BA55-11B86F5E7969}"
EndProject
Global
	GlobalSection(SolutionConfigurationPlatforms) = preSolution
		Debug|Any CPU = Debug|Any CPU
		Release|Any CPU = Release|Any CPU
	EndGlobalSection
	GlobalSection(ProjectConfigurationPlatforms) = postSolution
		{41511753-8136-4176-99C9-128787F2EC0A}.Debug|Any CPU.ActiveCfg = Debug|Any CPU
		{41511753-8136-4176-99C9-128787F2EC0A}.Debug|Any CPU.Build.0 = Debug|Any CPU
		{41511753-8136-4176-99C9-128787F2EC0A}.Release|Any CPU.ActiveCfg = Release|Any CPU
		{41511753-8136-4176-99C9-128787F2EC0A}.Release|Any CPU.Build.0 = Release|Any CPU
		{C60D56AB-C2C0-4C96-A247-FE502440672A}.Debug|Any CPU.ActiveCfg = Debug|Any CPU
		{C60D56AB-C2C0-4C96-A247-FE502440672A}.Debug|Any CPU.Build.0 = Debug|Any CPU
		{C60D56AB-C2C0-4C96-A247-FE502440672A}.Release|Any CPU.ActiveCfg = Release|Any CPU
		{C60D56AB-C2C0-4C96-A247-FE502440672A}.Release|Any CPU.Build.0 = Release|Any CPU
		{0401F1B1-C394-47CA-BAF6-7C112CF6ECF8}.Debug|Any CPU.ActiveCfg = Debug|Any CPU
		{0401F1B1-C394-47CA-BAF6-7C112CF6ECF8}.Debug|Any CPU.Build.0 = Debug|Any CPU
		{0401F1B1-C394-47CA-BAF6-7C112CF6ECF8}.Release|Any CPU.ActiveCfg = Release|Any CPU
		{0401F1B1-C394-47CA-BAF6-7C112CF6ECF8}.Release|Any CPU.Build.0 = Release|Any CPU
		{5DEFD208-DDDA-42BB-BDD4-17CFAD793C52}.Debug|Any CPU.ActiveCfg = Debug|Any CPU
		{5DEFD208-DDDA-42BB-BDD4-17CFAD793C52}.Debug|Any CPU.Build.0 = Debug|Any CPU
		{5DEFD208-DDDA-42BB-BDD4-17CFAD793C52}.Release|Any CPU.ActiveCfg = Release|Any CPU
		{5DEFD208-DDDA-42BB-BDD4-17CFAD793C52}.Release|Any CPU.Build.0 = Release|Any CPU
		{EDB2F11D-F918-438D-BA55-11B86F5E7969}.Debug|Any CPU.ActiveCfg = Debug|Any CPU
		{EDB2F11D-F918-438D-BA55-11B86F5E7969}.Debug|Any CPU.Build.0 = Debug|Any CPU
		{EDB2F11D-F918-438D-BA55-11B86F5E7969}.Release|Any CPU.ActiveCfg = Release|Any CPU
		{EDB2F11D-F918-438D-BA55-11B86F5E7969}.Release|Any CPU.Build.0 = Release|Any CPU
	EndGlobalSection
	GlobalSection(SolutionProperties) = preSolution
		HideSolutionNode = FALSE
	EndGlobalSection
	GlobalSection(ExtensibilityGlobals) = postSolution
		SolutionGuid = {EB2C67B5-5D64-4FAF-B10A-CCAC9637A17A}
	EndGlobalSection
EndGlobal
